// !$*UTF8*$!
{
	archiveVersion = 1;
	classes = {
	};
	objectVersion = 50;
	objects = {

/* Begin PBXBuildFile section */
		170E2D36235AF9C10037516E /* AppDelegate.swift in Sources */ = {isa = PBXBuildFile; fileRef = 170E2D35235AF9C10037516E /* AppDelegate.swift */; };
		170E2D38235AF9C10037516E /* SceneDelegate.swift in Sources */ = {isa = PBXBuildFile; fileRef = 170E2D37235AF9C10037516E /* SceneDelegate.swift */; };
		170E2D3A235AF9C10037516E /* ContentView.swift in Sources */ = {isa = PBXBuildFile; fileRef = 170E2D39235AF9C10037516E /* ContentView.swift */; };
		170E2D3C235AF9C50037516E /* Assets.xcassets in Resources */ = {isa = PBXBuildFile; fileRef = 170E2D3B235AF9C50037516E /* Assets.xcassets */; };
		170E2D3F235AF9C50037516E /* Preview Assets.xcassets in Resources */ = {isa = PBXBuildFile; fileRef = 170E2D3E235AF9C50037516E /* Preview Assets.xcassets */; };
		170E2D42235AF9C50037516E /* LaunchScreen.storyboard in Resources */ = {isa = PBXBuildFile; fileRef = 170E2D40235AF9C50037516E /* LaunchScreen.storyboard */; };
		170E2D4D235AFC890037516E /* Localizable.strings in Resources */ = {isa = PBXBuildFile; fileRef = 170E2D4A235AFC890037516E /* Localizable.strings */; };
/* End PBXBuildFile section */

/* Begin PBXFileReference section */
		170E2D32235AF9C10037516E /* swift_spreadsheet_gen-sample.app */ = {isa = PBXFileReference; explicitFileType = wrapper.application; includeInIndex = 0; path = "swift_spreadsheet_gen-sample.app"; sourceTree = BUILT_PRODUCTS_DIR; };
		170E2D35235AF9C10037516E /* AppDelegate.swift */ = {isa = PBXFileReference; lastKnownFileType = sourcecode.swift; path = AppDelegate.swift; sourceTree = "<group>"; };
		170E2D37235AF9C10037516E /* SceneDelegate.swift */ = {isa = PBXFileReference; lastKnownFileType = sourcecode.swift; path = SceneDelegate.swift; sourceTree = "<group>"; };
		170E2D39235AF9C10037516E /* ContentView.swift */ = {isa = PBXFileReference; lastKnownFileType = sourcecode.swift; path = ContentView.swift; sourceTree = "<group>"; };
		170E2D3B235AF9C50037516E /* Assets.xcassets */ = {isa = PBXFileReference; lastKnownFileType = folder.assetcatalog; path = Assets.xcassets; sourceTree = "<group>"; };
		170E2D3E235AF9C50037516E /* Preview Assets.xcassets */ = {isa = PBXFileReference; lastKnownFileType = folder.assetcatalog; path = "Preview Assets.xcassets"; sourceTree = "<group>"; };
		170E2D41235AF9C50037516E /* Base */ = {isa = PBXFileReference; lastKnownFileType = file.storyboard; name = Base; path = Base.lproj/LaunchScreen.storyboard; sourceTree = "<group>"; };
		170E2D43235AF9C50037516E /* Info.plist */ = {isa = PBXFileReference; lastKnownFileType = text.plist.xml; path = Info.plist; sourceTree = "<group>"; };
		170E2D4B235AFC890037516E /* ja */ = {isa = PBXFileReference; lastKnownFileType = text.plist.strings; name = ja; path = ja.lproj/Localizable.strings; sourceTree = "<group>"; };
		170E2D4C235AFC890037516E /* en */ = {isa = PBXFileReference; lastKnownFileType = text.plist.strings; name = en; path = en.lproj/Localizable.strings; sourceTree = "<group>"; };
/* End PBXFileReference section */

/* Begin PBXFrameworksBuildPhase section */
		170E2D2F235AF9C10037516E /* Frameworks */ = {
			isa = PBXFrameworksBuildPhase;
			buildActionMask = 2147483647;
			files = (
			);
			runOnlyForDeploymentPostprocessing = 0;
		};
/* End PBXFrameworksBuildPhase section */

/* Begin PBXGroup section */
		170E2D29235AF9C10037516E = {
			isa = PBXGroup;
			children = (
				170E2D34235AF9C10037516E /* swift_spreadsheet_gen-sample */,
				170E2D33235AF9C10037516E /* Products */,
			);
			sourceTree = "<group>";
		};
		170E2D33235AF9C10037516E /* Products */ = {
			isa = PBXGroup;
			children = (
				170E2D32235AF9C10037516E /* swift_spreadsheet_gen-sample.app */,
			);
			name = Products;
			sourceTree = "<group>";
		};
		170E2D34235AF9C10037516E /* swift_spreadsheet_gen-sample */ = {
			isa = PBXGroup;
			children = (
				170E2D49235AFC890037516E /* Strings */,
				170E2D35235AF9C10037516E /* AppDelegate.swift */,
				170E2D37235AF9C10037516E /* SceneDelegate.swift */,
				170E2D39235AF9C10037516E /* ContentView.swift */,
				170E2D3B235AF9C50037516E /* Assets.xcassets */,
				170E2D40235AF9C50037516E /* LaunchScreen.storyboard */,
				170E2D43235AF9C50037516E /* Info.plist */,
				170E2D3D235AF9C50037516E /* Preview Content */,
			);
			path = "swift_spreadsheet_gen-sample";
			sourceTree = "<group>";
		};
		170E2D3D235AF9C50037516E /* Preview Content */ = {
			isa = PBXGroup;
			children = (
				170E2D3E235AF9C50037516E /* Preview Assets.xcassets */,
			);
			path = "Preview Content";
			sourceTree = "<group>";
		};
		170E2D49235AFC890037516E /* Strings */ = {
			isa = PBXGroup;
			children = (
				170E2D4A235AFC890037516E /* Localizable.strings */,
			);
			path = Strings;
			sourceTree = "<group>";
		};
/* End PBXGroup section */

/* Begin PBXNativeTarget section */
		170E2D31235AF9C10037516E /* swift_spreadsheet_gen-sample */ = {
			isa = PBXNativeTarget;
			buildConfigurationList = 170E2D46235AF9C50037516E /* Build configuration list for PBXNativeTarget "swift_spreadsheet_gen-sample" */;
			buildPhases = (
				170E2D2E235AF9C10037516E /* Sources */,
				170E2D2F235AF9C10037516E /* Frameworks */,
				170E2D30235AF9C10037516E /* Resources */,
			);
			buildRules = (
			);
			dependencies = (
			);
			name = "swift_spreadsheet_gen-sample";
			productName = "swift_spreadsheet_gen-sample";
			productReference = 170E2D32235AF9C10037516E /* swift_spreadsheet_gen-sample.app */;
			productType = "com.apple.product-type.application";
		};
/* End PBXNativeTarget section */

/* Begin PBXProject section */
		170E2D2A235AF9C10037516E /* Project object */ = {
			isa = PBXProject;
			attributes = {
				LastSwiftUpdateCheck = 1110;
				LastUpgradeCheck = 1110;
				ORGANIZATIONNAME = "Takuya Ohsawa";
				TargetAttributes = {
					170E2D31235AF9C10037516E = {
						CreatedOnToolsVersion = 11.1;
					};
				};
			};
			buildConfigurationList = 170E2D2D235AF9C10037516E /* Build configuration list for PBXProject "swift_spreadsheet_gen-sample" */;
			compatibilityVersion = "Xcode 9.3";
			developmentRegion = en;
			hasScannedForEncodings = 0;
			knownRegions = (
				en,
				Base,
				ja,
			);
			mainGroup = 170E2D29235AF9C10037516E;
			productRefGroup = 170E2D33235AF9C10037516E /* Products */;
			projectDirPath = "";
			projectRoot = "";
			targets = (
				170E2D31235AF9C10037516E /* swift_spreadsheet_gen-sample */,
			);
		};
/* End PBXProject section */

/* Begin PBXResourcesBuildPhase section */
		170E2D30235AF9C10037516E /* Resources */ = {
			isa = PBXResourcesBuildPhase;
			buildActionMask = 2147483647;
			files = (
				170E2D42235AF9C50037516E /* LaunchScreen.storyboard in Resources */,
				170E2D4D235AFC890037516E /* Localizable.strings in Resources */,
				170E2D3F235AF9C50037516E /* Preview Assets.xcassets in Resources */,
				170E2D3C235AF9C50037516E /* Assets.xcassets in Resources */,
			);
			runOnlyForDeploymentPostprocessing = 0;
		};
/* End PBXResourcesBuildPhase section */

/* Begin PBXSourcesBuildPhase section */
		170E2D2E235AF9C10037516E /* Sources */ = {
			isa = PBXSourcesBuildPhase;
			buildActionMask = 2147483647;
			files = (
				170E2D36235AF9C10037516E /* AppDelegate.swift in Sources */,
				170E2D38235AF9C10037516E /* SceneDelegate.swift in Sources */,
				170E2D3A235AF9C10037516E /* ContentView.swift in Sources */,
			);
			runOnlyForDeploymentPostprocessing = 0;
		};
/* End PBXSourcesBuildPhase section */

/* Begin PBXVariantGroup section */
		170E2D40235AF9C50037516E /* LaunchScreen.storyboard */ = {
			isa = PBXVariantGroup;
			children = (
				170E2D41235AF9C50037516E /* Base */,
			);
			name = LaunchScreen.storyboard;
			sourceTree = "<group>";
		};
		170E2D4A235AFC890037516E /* Localizable.strings */ = {
			isa = PBXVariantGroup;
			children = (
				170E2D4B235AFC890037516E /* ja */,
				170E2D4C235AFC890037516E /* en */,
			);
			name = Localizable.strings;
			sourceTree = "<group>";
		};
/* End PBXVariantGroup section */

/* Begin XCBuildConfiguration section */
		170E2D44235AF9C50037516E /* Debug */ = {
			isa = XCBuildConfiguration;
			buildSettings = {
				ALWAYS_SEARCH_USER_PATHS = NO;
				CLANG_ANALYZER_NONNULL = YES;
				CLANG_ANALYZER_NUMBER_OBJECT_CONVERSION = YES_AGGRESSIVE;
				CLANG_CXX_LANGUAGE_STANDARD = "gnu++14";
				CLANG_CXX_LIBRARY = "libc++";
				CLANG_ENABLE_MODULES = YES;
				CLANG_ENABLE_OBJC_ARC = YES;
				CLANG_ENABLE_OBJC_WEAK = YES;
				CLANG_WARN_BLOCK_CAPTURE_AUTORELEASING = YES;
				CLANG_WARN_BOOL_CONVERSION = YES;
				CLANG_WARN_COMMA = YES;
				CLANG_WARN_CONSTANT_CONVERSION = YES;
				CLANG_WARN_DEPRECATED_OBJC_IMPLEMENTATIONS = YES;
				CLANG_WARN_DIRECT_OBJC_ISA_USAGE = YES_ERROR;
				CLANG_WARN_DOCUMENTATION_COMMENTS = YES;
				CLANG_WARN_EMPTY_BODY = YES;
				CLANG_WARN_ENUM_CONVERSION = YES;
				CLANG_WARN_INFINITE_RECURSION = YES;
				CLANG_WARN_INT_CONVERSION = YES;
				CLANG_WARN_NON_LITERAL_NULL_CONVERSION = YES;
				CLANG_WARN_OBJC_IMPLICIT_RETAIN_SELF = YES;
				CLANG_WARN_OBJC_LITERAL_CONVERSION = YES;
				CLANG_WARN_OBJC_ROOT_CLASS = YES_ERROR;
				CLANG_WARN_RANGE_LOOP_ANALYSIS = YES;
				CLANG_WARN_STRICT_PROTOTYPES = YES;
				CLANG_WARN_SUSPICIOUS_MOVE = YES;
				CLANG_WARN_UNGUARDED_AVAILABILITY = YES_AGGRESSIVE;
				CLANG_WARN_UNREACHABLE_CODE = YES;
				CLANG_WARN__DUPLICATE_METHOD_MATCH = YES;
				COPY_PHASE_STRIP = NO;
				DEBUG_INFORMATION_FORMAT = dwarf;
				ENABLE_STRICT_OBJC_MSGSEND = YES;
				ENABLE_TESTABILITY = YES;
				GCC_C_LANGUAGE_STANDARD = gnu11;
				GCC_DYNAMIC_NO_PIC = NO;
				GCC_NO_COMMON_BLOCKS = YES;
				GCC_OPTIMIZATION_LEVEL = 0;
				GCC_PREPROCESSOR_DEFINITIONS = (
					"DEBUG=1",
					"$(inherited)",
				);
				GCC_WARN_64_TO_32_BIT_CONVERSION = YES;
				GCC_WARN_ABOUT_RETURN_TYPE = YES_ERROR;
				GCC_WARN_UNDECLARED_SELECTOR = YES;
				GCC_WARN_UNINITIALIZED_AUTOS = YES_AGGRESSIVE;
				GCC_WARN_UNUSED_FUNCTION = YES;
				GCC_WARN_UNUSED_VARIABLE = YES;
				IPHONEOS_DEPLOYMENT_TARGET = 13.1;
				MTL_ENABLE_DEBUG_INFO = INCLUDE_SOURCE;
				MTL_FAST_MATH = YES;
				ONLY_ACTIVE_ARCH = YES;
				SDKROOT = iphoneos;
				SWIFT_ACTIVE_COMPILATION_CONDITIONS = DEBUG;
				SWIFT_OPTIMIZATION_LEVEL = "-Onone";
			};
			name = Debug;
		};
		170E2D45235AF9C50037516E /* Release */ = {
			isa = XCBuildConfiguration;
			buildSettings = {
				ALWAYS_SEARCH_USER_PATHS = NO;
				CLANG_ANALYZER_NONNULL = YES;
				CLANG_ANALYZER_NUMBER_OBJECT_CONVERSION = YES_AGGRESSIVE;
				CLANG_CXX_LANGUAGE_STANDARD = "gnu++14";
				CLANG_CXX_LIBRARY = "libc++";
				CLANG_ENABLE_MODULES = YES;
				CLANG_ENABLE_OBJC_ARC = YES;
				CLANG_ENABLE_OBJC_WEAK = YES;
				CLANG_WARN_BLOCK_CAPTURE_AUTORELEASING = YES;
				CLANG_WARN_BOOL_CONVERSION = YES;
				CLANG_WARN_COMMA = YES;
				CLANG_WARN_CONSTANT_CONVERSION = YES;
				CLANG_WARN_DEPRECATED_OBJC_IMPLEMENTATIONS = YES;
				CLANG_WARN_DIRECT_OBJC_ISA_USAGE = YES_ERROR;
				CLANG_WARN_DOCUMENTATION_COMMENTS = YES;
				CLANG_WARN_EMPTY_BODY = YES;
				CLANG_WARN_ENUM_CONVERSION = YES;
				CLANG_WARN_INFINITE_RECURSION = YES;
				CLANG_WARN_INT_CONVERSION = YES;
				CLANG_WARN_NON_LITERAL_NULL_CONVERSION = YES;
				CLANG_WARN_OBJC_IMPLICIT_RETAIN_SELF = YES;
				CLANG_WARN_OBJC_LITERAL_CONVERSION = YES;
				CLANG_WARN_OBJC_ROOT_CLASS = YES_ERROR;
				CLANG_WARN_RANGE_LOOP_ANALYSIS = YES;
				CLANG_WARN_STRICT_PROTOTYPES = YES;
				CLANG_WARN_SUSPICIOUS_MOVE = YES;
				CLANG_WARN_UNGUARDED_AVAILABILITY = YES_AGGRESSIVE;
				CLANG_WARN_UNREACHABLE_CODE = YES;
				CLANG_WARN__DUPLICATE_METHOD_MATCH = YES;
				COPY_PHASE_STRIP = NO;
				DEBUG_INFORMATION_FORMAT = "dwarf-with-dsym";
				ENABLE_NS_ASSERTIONS = NO;
				ENABLE_STRICT_OBJC_MSGSEND = YES;
				GCC_C_LANGUAGE_STANDARD = gnu11;
				GCC_NO_COMMON_BLOCKS = YES;
				GCC_WARN_64_TO_32_BIT_CONVERSION = YES;
				GCC_WARN_ABOUT_RETURN_TYPE = YES_ERROR;
				GCC_WARN_UNDECLARED_SELECTOR = YES;
				GCC_WARN_UNINITIALIZED_AUTOS = YES_AGGRESSIVE;
				GCC_WARN_UNUSED_FUNCTION = YES;
				GCC_WARN_UNUSED_VARIABLE = YES;
				IPHONEOS_DEPLOYMENT_TARGET = 13.1;
				MTL_ENABLE_DEBUG_INFO = NO;
				MTL_FAST_MATH = YES;
				SDKROOT = iphoneos;
				SWIFT_COMPILATION_MODE = wholemodule;
				SWIFT_OPTIMIZATION_LEVEL = "-O";
				VALIDATE_PRODUCT = YES;
			};
			name = Release;
		};
		170E2D47235AF9C50037516E /* Debug */ = {
			isa = XCBuildConfiguration;
			buildSettings = {
				ASSETCATALOG_COMPILER_APPICON_NAME = AppIcon;
				CODE_SIGN_STYLE = Automatic;
				DEVELOPMENT_ASSET_PATHS = "\"swift_spreadsheet_gen-sample/Preview Content\"";
				DEVELOPMENT_TEAM = ZUBT77449H;
				ENABLE_PREVIEWS = YES;
				INFOPLIST_FILE = "swift_spreadsheet_gen-sample/Info.plist";
				LD_RUNPATH_SEARCH_PATHS = (
					"$(inherited)",
					"@executable_path/Frameworks",
				);
				PRODUCT_BUNDLE_IDENTIFIER = "swift-spreadsheet-gen.swift-spreadsheet-gen-sample";
				PRODUCT_NAME = "$(TARGET_NAME)";
				SWIFT_VERSION = 5.0;
				TARGETED_DEVICE_FAMILY = "1,2";
			};
			name = Debug;
		};
		170E2D48235AF9C50037516E /* Release */ = {
			isa = XCBuildConfiguration;
			buildSettings = {
				ASSETCATALOG_COMPILER_APPICON_NAME = AppIcon;
				CODE_SIGN_STYLE = Automatic;
				DEVELOPMENT_ASSET_PATHS = "\"swift_spreadsheet_gen-sample/Preview Content\"";
				DEVELOPMENT_TEAM = ZUBT77449H;
				ENABLE_PREVIEWS = YES;
				INFOPLIST_FILE = "swift_spreadsheet_gen-sample/Info.plist";
				LD_RUNPATH_SEARCH_PATHS = (
					"$(inherited)",
					"@executable_path/Frameworks",
				);
				PRODUCT_BUNDLE_IDENTIFIER = "swift-spreadsheet-gen.swift-spreadsheet-gen-sample";
				PRODUCT_NAME = "$(TARGET_NAME)";
				SWIFT_VERSION = 5.0;
				TARGETED_DEVICE_FAMILY = "1,2";
			};
			name = Release;
		};
/* End XCBuildConfiguration section */

/* Begin XCConfigurationList section */
		170E2D2D235AF9C10037516E /* Build configuration list for PBXProject "swift_spreadsheet_gen-sample" */ = {
			isa = XCConfigurationList;
			buildConfigurations = (
				170E2D44235AF9C50037516E /* Debug */,
				170E2D45235AF9C50037516E /* Release */,
			);
			defaultConfigurationIsVisible = 0;
			defaultConfigurationName = Release;
		};
		170E2D46235AF9C50037516E /* Build configuration list for PBXNativeTarget "swift_spreadsheet_gen-sample" */ = {
			isa = XCConfigurationList;
			buildConfigurations = (
				170E2D47235AF9C50037516E /* Debug */,
				170E2D48235AF9C50037516E /* Release */,
			);
			defaultConfigurationIsVisible = 0;
			defaultConfigurationName = Release;
		};
/* End XCConfigurationList section */
	};
	rootObject = 170E2D2A235AF9C10037516E /* Project object */;
}
